
Microsoft Visual Studio Solution File, Format Version 12.00
# Visual Studio Version 16
VisualStudioVersion = 16.0.33529.622
MinimumVisualStudioVersion = 10.0.40219.1
Project("{9A19103F-16F7-4668-BE54-9A1E7A4F7556}") = "FilmesApi", "FilmesApi.csproj", "{BA0BE8EA-CC4D-4509-A6CC-2A6DF723A20A}"
EndProject
Global
	GlobalSection(SolutionConfigurationPlatforms) = preSolution
		Debug|Any CPU = Debug|Any CPU
		Release|Any CPU = Release|Any CPU
	EndGlobalSection
	GlobalSection(ProjectConfigurationPlatforms) = postSolution
		{BA0BE8EA-CC4D-4509-A6CC-2A6DF723A20A}.Debug|Any CPU.ActiveCfg = Debug|Any CPU
		{BA0BE8EA-CC4D-4509-A6CC-2A6DF723A20A}.Debug|Any CPU.Build.0 = Debug|Any CPU
		{BA0BE8EA-CC4D-4509-A6CC-2A6DF723A20A}.Release|Any CPU.ActiveCfg = Release|Any CPU
		{BA0BE8EA-CC4D-4509-A6CC-2A6DF723A20A}.Release|Any CPU.Build.0 = Release|Any CPU
	EndGlobalSection
	GlobalSection(SolutionProperties) = preSolution
		HideSolutionNode = FALSE
	EndGlobalSection
	GlobalSection(ExtensibilityGlobals) = postSolution
		SolutionGuid = {5706E1C7-A609-4059-880F-010D07C396A9}
	EndGlobalSection
EndGlobal
